// !$*UTF8*$!
{
	archiveVersion = 1;
	classes = {
	};
	objectVersion = 56;
	objects = {

/* Begin PBXBuildFile section */
		E706DD132BBEEBEE00954F7B /* Apple_FrameWorksApp.swift in Sources */ = {isa = PBXBuildFile; fileRef = E706DD122BBEEBEE00954F7B /* Apple_FrameWorksApp.swift */; };
		E706DD172BBEEBF000954F7B /* Assets.xcassets in Resources */ = {isa = PBXBuildFile; fileRef = E706DD162BBEEBF000954F7B /* Assets.xcassets */; };
		E706DD1A2BBEEBF000954F7B /* Preview Assets.xcassets in Resources */ = {isa = PBXBuildFile; fileRef = E706DD192BBEEBF000954F7B /* Preview Assets.xcassets */; };
		E706DD242BBEEBF100954F7B /* Apple_FrameWorksTests.swift in Sources */ = {isa = PBXBuildFile; fileRef = E706DD232BBEEBF100954F7B /* Apple_FrameWorksTests.swift */; };
		E706DD2E2BBEEBF100954F7B /* Apple_FrameWorksUITests.swift in Sources */ = {isa = PBXBuildFile; fileRef = E706DD2D2BBEEBF100954F7B /* Apple_FrameWorksUITests.swift */; };
		E706DD302BBEEBF100954F7B /* Apple_FrameWorksUITestsLaunchTests.swift in Sources */ = {isa = PBXBuildFile; fileRef = E706DD2F2BBEEBF100954F7B /* Apple_FrameWorksUITestsLaunchTests.swift */; };
		E706DD3D2BBEEC6700954F7B /* FrameWork.swift in Sources */ = {isa = PBXBuildFile; fileRef = E706DD3C2BBEEC6700954F7B /* FrameWork.swift */; };
		E706DD412BBEF14500954F7B /* FrameworkGridView.swift in Sources */ = {isa = PBXBuildFile; fileRef = E706DD3E2BBEF13900954F7B /* FrameworkGridView.swift */; };
		E706DD432BC1A22400954F7B /* FrameworkDetailView.swift in Sources */ = {isa = PBXBuildFile; fileRef = E706DD422BC1A22400954F7B /* FrameworkDetailView.swift */; };
		E706DD452BC1A55F00954F7B /* AFButton.swift in Sources */ = {isa = PBXBuildFile; fileRef = E706DD442BC1A55F00954F7B /* AFButton.swift */; };
		E706DD472BC1AABA00954F7B /* FrameworkGridViewModel.swift in Sources */ = {isa = PBXBuildFile; fileRef = E706DD462BC1AABA00954F7B /* FrameworkGridViewModel.swift */; };
		E706DD492BC1B0F400954F7B /* SafariView.swift in Sources */ = {isa = PBXBuildFile; fileRef = E706DD482BC1B0F400954F7B /* SafariView.swift */; };
/* End PBXBuildFile section */

/* Begin PBXContainerItemProxy section */
		E706DD202BBEEBF100954F7B /* PBXContainerItemProxy */ = {
			isa = PBXContainerItemProxy;
			containerPortal = E706DD072BBEEBED00954F7B /* Project object */;
			proxyType = 1;
			remoteGlobalIDString = E706DD0E2BBEEBEE00954F7B;
			remoteInfo = "Apple-FrameWorks";
		};
		E706DD2A2BBEEBF100954F7B /* PBXContainerItemProxy */ = {
			isa = PBXContainerItemProxy;
			containerPortal = E706DD072BBEEBED00954F7B /* Project object */;
			proxyType = 1;
			remoteGlobalIDString = E706DD0E2BBEEBEE00954F7B;
			remoteInfo = "Apple-FrameWorks";
		};
/* End PBXContainerItemProxy section */

/* Begin PBXFileReference section */
		E706DD0F2BBEEBEE00954F7B /* Apple-FrameWorks.app */ = {isa = PBXFileReference; explicitFileType = wrapper.application; includeInIndex = 0; path = "Apple-FrameWorks.app"; sourceTree = BUILT_PRODUCTS_DIR; };
		E706DD122BBEEBEE00954F7B /* Apple_FrameWorksApp.swift */ = {isa = PBXFileReference; lastKnownFileType = sourcecode.swift; path = Apple_FrameWorksApp.swift; sourceTree = "<group>"; };
		E706DD162BBEEBF000954F7B /* Assets.xcassets */ = {isa = PBXFileReference; lastKnownFileType = folder.assetcatalog; path = Assets.xcassets; sourceTree = "<group>"; };
		E706DD192BBEEBF000954F7B /* Preview Assets.xcassets */ = {isa = PBXFileReference; lastKnownFileType = folder.assetcatalog; path = "Preview Assets.xcassets"; sourceTree = "<group>"; };
		E706DD1F2BBEEBF100954F7B /* Apple-FrameWorksTests.xctest */ = {isa = PBXFileReference; explicitFileType = wrapper.cfbundle; includeInIndex = 0; path = "Apple-FrameWorksTests.xctest"; sourceTree = BUILT_PRODUCTS_DIR; };
		E706DD232BBEEBF100954F7B /* Apple_FrameWorksTests.swift */ = {isa = PBXFileReference; lastKnownFileType = sourcecode.swift; path = Apple_FrameWorksTests.swift; sourceTree = "<group>"; };
		E706DD292BBEEBF100954F7B /* Apple-FrameWorksUITests.xctest */ = {isa = PBXFileReference; explicitFileType = wrapper.cfbundle; includeInIndex = 0; path = "Apple-FrameWorksUITests.xctest"; sourceTree = BUILT_PRODUCTS_DIR; };
		E706DD2D2BBEEBF100954F7B /* Apple_FrameWorksUITests.swift */ = {isa = PBXFileReference; lastKnownFileType = sourcecode.swift; path = Apple_FrameWorksUITests.swift; sourceTree = "<group>"; };
		E706DD2F2BBEEBF100954F7B /* Apple_FrameWorksUITestsLaunchTests.swift */ = {isa = PBXFileReference; lastKnownFileType = sourcecode.swift; path = Apple_FrameWorksUITestsLaunchTests.swift; sourceTree = "<group>"; };
		E706DD3C2BBEEC6700954F7B /* FrameWork.swift */ = {isa = PBXFileReference; lastKnownFileType = sourcecode.swift; path = FrameWork.swift; sourceTree = "<group>"; };
		E706DD3E2BBEF13900954F7B /* FrameworkGridView.swift */ = {isa = PBXFileReference; lastKnownFileType = sourcecode.swift; path = FrameworkGridView.swift; sourceTree = "<group>"; };
		E706DD422BC1A22400954F7B /* FrameworkDetailView.swift */ = {isa = PBXFileReference; lastKnownFileType = sourcecode.swift; path = FrameworkDetailView.swift; sourceTree = "<group>"; };
		E706DD442BC1A55F00954F7B /* AFButton.swift */ = {isa = PBXFileReference; lastKnownFileType = sourcecode.swift; path = AFButton.swift; sourceTree = "<group>"; };
		E706DD462BC1AABA00954F7B /* FrameworkGridViewModel.swift */ = {isa = PBXFileReference; lastKnownFileType = sourcecode.swift; path = FrameworkGridViewModel.swift; sourceTree = "<group>"; };
		E706DD482BC1B0F400954F7B /* SafariView.swift */ = {isa = PBXFileReference; lastKnownFileType = sourcecode.swift; path = SafariView.swift; sourceTree = "<group>"; };
/* End PBXFileReference section */

/* Begin PBXFrameworksBuildPhase section */
		E706DD0C2BBEEBEE00954F7B /* Frameworks */ = {
			isa = PBXFrameworksBuildPhase;
			buildActionMask = 2147483647;
			files = (
			);
			runOnlyForDeploymentPostprocessing = 0;
		};
		E706DD1C2BBEEBF100954F7B /* Frameworks */ = {
			isa = PBXFrameworksBuildPhase;
			buildActionMask = 2147483647;
			files = (
			);
			runOnlyForDeploymentPostprocessing = 0;
		};
		E706DD262BBEEBF100954F7B /* Frameworks */ = {
			isa = PBXFrameworksBuildPhase;
			buildActionMask = 2147483647;
			files = (
			);
			runOnlyForDeploymentPostprocessing = 0;
		};
/* End PBXFrameworksBuildPhase section */

/* Begin PBXGroup section */
		E706DD062BBEEBED00954F7B = {
			isa = PBXGroup;
			children = (
				E706DD112BBEEBEE00954F7B /* Apple-FrameWorks */,
				E706DD222BBEEBF100954F7B /* Apple-FrameWorksTests */,
				E706DD2C2BBEEBF100954F7B /* Apple-FrameWorksUITests */,
				E706DD102BBEEBEE00954F7B /* Products */,
			);
			sourceTree = "<group>";
		};
		E706DD102BBEEBEE00954F7B /* Products */ = {
			isa = PBXGroup;
			children = (
				E706DD0F2BBEEBEE00954F7B /* Apple-FrameWorks.app */,
				E706DD1F2BBEEBF100954F7B /* Apple-FrameWorksTests.xctest */,
				E706DD292BBEEBF100954F7B /* Apple-FrameWorksUITests.xctest */,
			);
			name = Products;
			sourceTree = "<group>";
		};
		E706DD112BBEEBEE00954F7B /* Apple-FrameWorks */ = {
			isa = PBXGroup;
			children = (
				E706DD122BBEEBEE00954F7B /* Apple_FrameWorksApp.swift */,
				E706DD3E2BBEF13900954F7B /* FrameworkGridView.swift */,
				E706DD422BC1A22400954F7B /* FrameworkDetailView.swift */,
				E706DD442BC1A55F00954F7B /* AFButton.swift */,
				E706DD3C2BBEEC6700954F7B /* FrameWork.swift */,
				E706DD462BC1AABA00954F7B /* FrameworkGridViewModel.swift */,
				E706DD482BC1B0F400954F7B /* SafariView.swift */,
				E706DD162BBEEBF000954F7B /* Assets.xcassets */,
				E706DD182BBEEBF000954F7B /* Preview Content */,
			);
			path = "Apple-FrameWorks";
			sourceTree = "<group>";
		};
		E706DD182BBEEBF000954F7B /* Preview Content */ = {
			isa = PBXGroup;
			children = (
				E706DD192BBEEBF000954F7B /* Preview Assets.xcassets */,
			);
			path = "Preview Content";
			sourceTree = "<group>";
		};
		E706DD222BBEEBF100954F7B /* Apple-FrameWorksTests */ = {
			isa = PBXGroup;
			children = (
				E706DD232BBEEBF100954F7B /* Apple_FrameWorksTests.swift */,
			);
			path = "Apple-FrameWorksTests";
			sourceTree = "<group>";
		};
		E706DD2C2BBEEBF100954F7B /* Apple-FrameWorksUITests */ = {
			isa = PBXGroup;
			children = (
				E706DD2D2BBEEBF100954F7B /* Apple_FrameWorksUITests.swift */,
				E706DD2F2BBEEBF100954F7B /* Apple_FrameWorksUITestsLaunchTests.swift */,
			);
			path = "Apple-FrameWorksUITests";
			sourceTree = "<group>";
		};
/* End PBXGroup section */

/* Begin PBXNativeTarget section */
		E706DD0E2BBEEBEE00954F7B /* Apple-FrameWorks */ = {
			isa = PBXNativeTarget;
			buildConfigurationList = E706DD332BBEEBF100954F7B /* Build configuration list for PBXNativeTarget "Apple-FrameWorks" */;
			buildPhases = (
				E706DD0B2BBEEBEE00954F7B /* Sources */,
				E706DD0C2BBEEBEE00954F7B /* Frameworks */,
				E706DD0D2BBEEBEE00954F7B /* Resources */,
			);
			buildRules = (
			);
			dependencies = (
			);
			name = "Apple-FrameWorks";
			productName = "Apple-FrameWorks";
			productReference = E706DD0F2BBEEBEE00954F7B /* Apple-FrameWorks.app */;
			productType = "com.apple.product-type.application";
		};
		E706DD1E2BBEEBF100954F7B /* Apple-FrameWorksTests */ = {
			isa = PBXNativeTarget;
			buildConfigurationList = E706DD362BBEEBF100954F7B /* Build configuration list for PBXNativeTarget "Apple-FrameWorksTests" */;
			buildPhases = (
				E706DD1B2BBEEBF100954F7B /* Sources */,
				E706DD1C2BBEEBF100954F7B /* Frameworks */,
				E706DD1D2BBEEBF100954F7B /* Resources */,
			);
			buildRules = (
			);
			dependencies = (
				E706DD212BBEEBF100954F7B /* PBXTargetDependency */,
			);
			name = "Apple-FrameWorksTests";
			productName = "Apple-FrameWorksTests";
			productReference = E706DD1F2BBEEBF100954F7B /* Apple-FrameWorksTests.xctest */;
			productType = "com.apple.product-type.bundle.unit-test";
		};
		E706DD282BBEEBF100954F7B /* Apple-FrameWorksUITests */ = {
			isa = PBXNativeTarget;
			buildConfigurationList = E706DD392BBEEBF100954F7B /* Build configuration list for PBXNativeTarget "Apple-FrameWorksUITests" */;
			buildPhases = (
				E706DD252BBEEBF100954F7B /* Sources */,
				E706DD262BBEEBF100954F7B /* Frameworks */,
				E706DD272BBEEBF100954F7B /* Resources */,
			);
			buildRules = (
			);
			dependencies = (
				E706DD2B2BBEEBF100954F7B /* PBXTargetDependency */,
			);
			name = "Apple-FrameWorksUITests";
			productName = "Apple-FrameWorksUITests";
			productReference = E706DD292BBEEBF100954F7B /* Apple-FrameWorksUITests.xctest */;
			productType = "com.apple.product-type.bundle.ui-testing";
		};
/* End PBXNativeTarget section */

/* Begin PBXProject section */
		E706DD072BBEEBED00954F7B /* Project object */ = {
			isa = PBXProject;
			attributes = {
				BuildIndependentTargetsInParallel = 1;
				LastSwiftUpdateCheck = 1500;
				LastUpgradeCheck = 1500;
				TargetAttributes = {
					E706DD0E2BBEEBEE00954F7B = {
						CreatedOnToolsVersion = 15.0;
					};
					E706DD1E2BBEEBF100954F7B = {
						CreatedOnToolsVersion = 15.0;
						TestTargetID = E706DD0E2BBEEBEE00954F7B;
					};
					E706DD282BBEEBF100954F7B = {
						CreatedOnToolsVersion = 15.0;
						TestTargetID = E706DD0E2BBEEBEE00954F7B;
					};
				};
			};
			buildConfigurationList = E706DD0A2BBEEBED00954F7B /* Build configuration list for PBXProject "Apple-FrameWorks" */;
			compatibilityVersion = "Xcode 14.0";
			developmentRegion = en;
			hasScannedForEncodings = 0;
			knownRegions = (
				en,
				Base,
			);
			mainGroup = E706DD062BBEEBED00954F7B;
			productRefGroup = E706DD102BBEEBEE00954F7B /* Products */;
			projectDirPath = "";
			projectRoot = "";
			targets = (
				E706DD0E2BBEEBEE00954F7B /* Apple-FrameWorks */,
				E706DD1E2BBEEBF100954F7B /* Apple-FrameWorksTests */,
				E706DD282BBEEBF100954F7B /* Apple-FrameWorksUITests */,
			);
		};
/* End PBXProject section */

/* Begin PBXResourcesBuildPhase section */
		E706DD0D2BBEEBEE00954F7B /* Resources */ = {
			isa = PBXResourcesBuildPhase;
			buildActionMask = 2147483647;
			files = (
				E706DD1A2BBEEBF000954F7B /* Preview Assets.xcassets in Resources */,
				E706DD172BBEEBF000954F7B /* Assets.xcassets in Resources */,
			);
			runOnlyForDeploymentPostprocessing = 0;
		};
		E706DD1D2BBEEBF100954F7B /* Resources */ = {
			isa = PBXResourcesBuildPhase;
			buildActionMask = 2147483647;
			files = (
			);
			runOnlyForDeploymentPostprocessing = 0;
		};
		E706DD272BBEEBF100954F7B /* Resources */ = {
			isa = PBXResourcesBuildPhase;
			buildActionMask = 2147483647;
			files = (
			);
			runOnlyForDeploymentPostprocessing = 0;
		};
/* End PBXResourcesBuildPhase section */

/* Begin PBXSourcesBuildPhase section */
		E706DD0B2BBEEBEE00954F7B /* Sources */ = {
			isa = PBXSourcesBuildPhase;
			buildActionMask = 2147483647;
			files = (
				E706DD432BC1A22400954F7B /* FrameworkDetailView.swift in Sources */,
				E706DD412BBEF14500954F7B /* FrameworkGridView.swift in Sources */,
				E706DD3D2BBEEC6700954F7B /* FrameWork.swift in Sources */,
				E706DD452BC1A55F00954F7B /* AFButton.swift in Sources */,
				E706DD132BBEEBEE00954F7B /* Apple_FrameWorksApp.swift in Sources */,
				E706DD472BC1AABA00954F7B /* FrameworkGridViewModel.swift in Sources */,
				E706DD492BC1B0F400954F7B /* SafariView.swift in Sources */,
			);
			runOnlyForDeploymentPostprocessing = 0;
		};
		E706DD1B2BBEEBF100954F7B /* Sources */ = {
			isa = PBXSourcesBuildPhase;
			buildActionMask = 2147483647;
			files = (
				E706DD242BBEEBF100954F7B /* Apple_FrameWorksTests.swift in Sources */,
			);
			runOnlyForDeploymentPostprocessing = 0;
		};
		E706DD252BBEEBF100954F7B /* Sources */ = {
			isa = PBXSourcesBuildPhase;
			buildActionMask = 2147483647;
			files = (
				E706DD302BBEEBF100954F7B /* Apple_FrameWorksUITestsLaunchTests.swift in Sources */,
				E706DD2E2BBEEBF100954F7B /* Apple_FrameWorksUITests.swift in Sources */,
			);
			runOnlyForDeploymentPostprocessing = 0;
		};
/* End PBXSourcesBuildPhase section */

/* Begin PBXTargetDependency section */
		E706DD212BBEEBF100954F7B /* PBXTargetDependency */ = {
			isa = PBXTargetDependency;
			target = E706DD0E2BBEEBEE00954F7B /* Apple-FrameWorks */;
			targetProxy = E706DD202BBEEBF100954F7B /* PBXContainerItemProxy */;
		};
		E706DD2B2BBEEBF100954F7B /* PBXTargetDependency */ = {
			isa = PBXTargetDependency;
			target = E706DD0E2BBEEBEE00954F7B /* Apple-FrameWorks */;
			targetProxy = E706DD2A2BBEEBF100954F7B /* PBXContainerItemProxy */;
		};
/* End PBXTargetDependency section */

/* Begin XCBuildConfiguration section */
		E706DD312BBEEBF100954F7B /* Debug */ = {
			isa = XCBuildConfiguration;
			buildSettings = {
				ALWAYS_SEARCH_USER_PATHS = NO;
				ASSETCATALOG_COMPILER_GENERATE_SWIFT_ASSET_SYMBOL_EXTENSIONS = YES;
				CLANG_ANALYZER_NONNULL = YES;
				CLANG_ANALYZER_NUMBER_OBJECT_CONVERSION = YES_AGGRESSIVE;
				CLANG_CXX_LANGUAGE_STANDARD = "gnu++20";
				CLANG_ENABLE_MODULES = YES;
				CLANG_ENABLE_OBJC_ARC = YES;
				CLANG_ENABLE_OBJC_WEAK = YES;
				CLANG_WARN_BLOCK_CAPTURE_AUTORELEASING = YES;
				CLANG_WARN_BOOL_CONVERSION = YES;
				CLANG_WARN_COMMA = YES;
				CLANG_WARN_CONSTANT_CONVERSION = YES;
				CLANG_WARN_DEPRECATED_OBJC_IMPLEMENTATIONS = YES;
				CLANG_WARN_DIRECT_OBJC_ISA_USAGE = YES_ERROR;
				CLANG_WARN_DOCUMENTATION_COMMENTS = YES;
				CLANG_WARN_EMPTY_BODY = YES;
				CLANG_WARN_ENUM_CONVERSION = YES;
				CLANG_WARN_INFINITE_RECURSION = YES;
				CLANG_WARN_INT_CONVERSION = YES;
				CLANG_WARN_NON_LITERAL_NULL_CONVERSION = YES;
				CLANG_WARN_OBJC_IMPLICIT_RETAIN_SELF = YES;
				CLANG_WARN_OBJC_LITERAL_CONVERSION = YES;
				CLANG_WARN_OBJC_ROOT_CLASS = YES_ERROR;
				CLANG_WARN_QUOTED_INCLUDE_IN_FRAMEWORK_HEADER = YES;
				CLANG_WARN_RANGE_LOOP_ANALYSIS = YES;
				CLANG_WARN_STRICT_PROTOTYPES = YES;
				CLANG_WARN_SUSPICIOUS_MOVE = YES;
				CLANG_WARN_UNGUARDED_AVAILABILITY = YES_AGGRESSIVE;
				CLANG_WARN_UNREACHABLE_CODE = YES;
				CLANG_WARN__DUPLICATE_METHOD_MATCH = YES;
				COPY_PHASE_STRIP = NO;
				DEBUG_INFORMATION_FORMAT = dwarf;
				ENABLE_STRICT_OBJC_MSGSEND = YES;
				ENABLE_TESTABILITY = YES;
				ENABLE_USER_SCRIPT_SANDBOXING = YES;
				GCC_C_LANGUAGE_STANDARD = gnu17;
				GCC_DYNAMIC_NO_PIC = NO;
				GCC_NO_COMMON_BLOCKS = YES;
				GCC_OPTIMIZATION_LEVEL = 0;
				GCC_PREPROCESSOR_DEFINITIONS = (
					"DEBUG=1",
					"$(inherited)",
				);
				GCC_WARN_64_TO_32_BIT_CONVERSION = YES;
				GCC_WARN_ABOUT_RETURN_TYPE = YES_ERROR;
				GCC_WARN_UNDECLARED_SELECTOR = YES;
				GCC_WARN_UNINITIALIZED_AUTOS = YES_AGGRESSIVE;
				GCC_WARN_UNUSED_FUNCTION = YES;
				GCC_WARN_UNUSED_VARIABLE = YES;
				IPHONEOS_DEPLOYMENT_TARGET = 17.0;
				LOCALIZATION_PREFERS_STRING_CATALOGS = YES;
				MTL_ENABLE_DEBUG_INFO = INCLUDE_SOURCE;
				MTL_FAST_MATH = YES;
				ONLY_ACTIVE_ARCH = YES;
				SDKROOT = iphoneos;
				SWIFT_ACTIVE_COMPILATION_CONDITIONS = "DEBUG $(inherited)";
				SWIFT_OPTIMIZATION_LEVEL = "-Onone";
			};
			name = Debug;
		};
		E706DD322BBEEBF100954F7B /* Release */ = {
			isa = XCBuildConfiguration;
			buildSettings = {
				ALWAYS_SEARCH_USER_PATHS = NO;
				ASSETCATALOG_COMPILER_GENERATE_SWIFT_ASSET_SYMBOL_EXTENSIONS = YES;
				CLANG_ANALYZER_NONNULL = YES;
				CLANG_ANALYZER_NUMBER_OBJECT_CONVERSION = YES_AGGRESSIVE;
				CLANG_CXX_LANGUAGE_STANDARD = "gnu++20";
				CLANG_ENABLE_MODULES = YES;
				CLANG_ENABLE_OBJC_ARC = YES;
				CLANG_ENABLE_OBJC_WEAK = YES;
				CLANG_WARN_BLOCK_CAPTURE_AUTORELEASING = YES;
				CLANG_WARN_BOOL_CONVERSION = YES;
				CLANG_WARN_COMMA = YES;
				CLANG_WARN_CONSTANT_CONVERSION = YES;
				CLANG_WARN_DEPRECATED_OBJC_IMPLEMENTATIONS = YES;
				CLANG_WARN_DIRECT_OBJC_ISA_USAGE = YES_ERROR;
				CLANG_WARN_DOCUMENTATION_COMMENTS = YES;
				CLANG_WARN_EMPTY_BODY = YES;
				CLANG_WARN_ENUM_CONVERSION = YES;
				CLANG_WARN_INFINITE_RECURSION = YES;
				CLANG_WARN_INT_CONVERSION = YES;
				CLANG_WARN_NON_LITERAL_NULL_CONVERSION = YES;
				CLANG_WARN_OBJC_IMPLICIT_RETAIN_SELF = YES;
				CLANG_WARN_OBJC_LITERAL_CONVERSION = YES;
				CLANG_WARN_OBJC_ROOT_CLASS = YES_ERROR;
				CLANG_WARN_QUOTED_INCLUDE_IN_FRAMEWORK_HEADER = YES;
				CLANG_WARN_RANGE_LOOP_ANALYSIS = YES;
				CLANG_WARN_STRICT_PROTOTYPES = YES;
				CLANG_WARN_SUSPICIOUS_MOVE = YES;
				CLANG_WARN_UNGUARDED_AVAILABILITY = YES_AGGRESSIVE;
				CLANG_WARN_UNREACHABLE_CODE = YES;
				CLANG_WARN__DUPLICATE_METHOD_MATCH = YES;
				COPY_PHASE_STRIP = NO;
				DEBUG_INFORMATION_FORMAT = "dwarf-with-dsym";
				ENABLE_NS_ASSERTIONS = NO;
				ENABLE_STRICT_OBJC_MSGSEND = YES;
				ENABLE_USER_SCRIPT_SANDBOXING = YES;
				GCC_C_LANGUAGE_STANDARD = gnu17;
				GCC_NO_COMMON_BLOCKS = YES;
				GCC_WARN_64_TO_32_BIT_CONVERSION = YES;
				GCC_WARN_ABOUT_RETURN_TYPE = YES_ERROR;
				GCC_WARN_UNDECLARED_SELECTOR = YES;
				GCC_WARN_UNINITIALIZED_AUTOS = YES_AGGRESSIVE;
				GCC_WARN_UNUSED_FUNCTION = YES;
				GCC_WARN_UNUSED_VARIABLE = YES;
				IPHONEOS_DEPLOYMENT_TARGET = 17.0;
				LOCALIZATION_PREFERS_STRING_CATALOGS = YES;
				MTL_ENABLE_DEBUG_INFO = NO;
				MTL_FAST_MATH = YES;
				SDKROOT = iphoneos;
				SWIFT_COMPILATION_MODE = wholemodule;
				VALIDATE_PRODUCT = YES;
			};
			name = Release;
		};
		E706DD342BBEEBF100954F7B /* Debug */ = {
			isa = XCBuildConfiguration;
			buildSettings = {
				ASSETCATALOG_COMPILER_APPICON_NAME = AppIcon;
				ASSETCATALOG_COMPILER_GLOBAL_ACCENT_COLOR_NAME = AccentColor;
				CODE_SIGN_STYLE = Automatic;
				CURRENT_PROJECT_VERSION = 1;
				DEVELOPMENT_ASSET_PATHS = "\"Apple-FrameWorks/Preview Content\"";
				DEVELOPMENT_TEAM = 5X5YVGM7KV;
				ENABLE_PREVIEWS = YES;
				GENERATE_INFOPLIST_FILE = YES;
				INFOPLIST_KEY_UIApplicationSceneManifest_Generation = YES;
				INFOPLIST_KEY_UIApplicationSupportsIndirectInputEvents = YES;
				INFOPLIST_KEY_UILaunchScreen_Generation = YES;
				INFOPLIST_KEY_UISupportedInterfaceOrientations_iPad = "UIInterfaceOrientationPortrait UIInterfaceOrientationPortraitUpsideDown UIInterfaceOrientationLandscapeLeft UIInterfaceOrientationLandscapeRight";
				INFOPLIST_KEY_UISupportedInterfaceOrientations_iPhone = "UIInterfaceOrientationPortrait UIInterfaceOrientationLandscapeLeft UIInterfaceOrientationLandscapeRight";
				LD_RUNPATH_SEARCH_PATHS = (
					"$(inherited)",
					"@executable_path/Frameworks",
				);
				MARKETING_VERSION = 1.0;
				PRODUCT_BUNDLE_IDENTIFIER = "-23.Apple-FrameWorks";
				PRODUCT_NAME = "$(TARGET_NAME)";
				SWIFT_EMIT_LOC_STRINGS = YES;
				SWIFT_VERSION = 5.0;
				TARGETED_DEVICE_FAMILY = "1,2";
			};
			name = Debug;
		};
		E706DD352BBEEBF100954F7B /* Release */ = {
			isa = XCBuildConfiguration;
			buildSettings = {
				ASSETCATALOG_COMPILER_APPICON_NAME = AppIcon;
				ASSETCATALOG_COMPILER_GLOBAL_ACCENT_COLOR_NAME = AccentColor;
				CODE_SIGN_STYLE = Automatic;
				CURRENT_PROJECT_VERSION = 1;
				DEVELOPMENT_ASSET_PATHS = "\"Apple-FrameWorks/Preview Content\"";
				DEVELOPMENT_TEAM = 5X5YVGM7KV;
				ENABLE_PREVIEWS = YES;
				GENERATE_INFOPLIST_FILE = YES;
				INFOPLIST_KEY_UIApplicationSceneManifest_Generation = YES;
				INFOPLIST_KEY_UIApplicationSupportsIndirectInputEvents = YES;
				INFOPLIST_KEY_UILaunchScreen_Generation = YES;
				INFOPLIST_KEY_UISupportedInterfaceOrientations_iPad = "UIInterfaceOrientationPortrait UIInterfaceOrientationPortraitUpsideDown UIInterfaceOrientationLandscapeLeft UIInterfaceOrientationLandscapeRight";
				INFOPLIST_KEY_UISupportedInterfaceOrientations_iPhone = "UIInterfaceOrientationPortrait UIInterfaceOrientationLandscapeLeft UIInterfaceOrientationLandscapeRight";
				LD_RUNPATH_SEARCH_PATHS = (
					"$(inherited)",
					"@executable_path/Frameworks",
				);
				MARKETING_VERSION = 1.0;
				PRODUCT_BUNDLE_IDENTIFIER = "-23.Apple-FrameWorks";
				PRODUCT_NAME = "$(TARGET_NAME)";
				SWIFT_EMIT_LOC_STRINGS = YES;
				SWIFT_VERSION = 5.0;
				TARGETED_DEVICE_FAMILY = "1,2";
			};
			name = Release;
		};
		E706DD372BBEEBF100954F7B /* Debug */ = {
			isa = XCBuildConfiguration;
			buildSettings = {
				ALWAYS_EMBED_SWIFT_STANDARD_LIBRARIES = YES;
				BUNDLE_LOADER = "$(TEST_HOST)";
				CODE_SIGN_STYLE = Automatic;
				CURRENT_PROJECT_VERSION = 1;
				DEVELOPMENT_TEAM = 5X5YVGM7KV;
				GENERATE_INFOPLIST_FILE = YES;
				IPHONEOS_DEPLOYMENT_TARGET = 17.0;
				MARKETING_VERSION = 1.0;
				PRODUCT_BUNDLE_IDENTIFIER = "-23.Apple-FrameWorksTests";
				PRODUCT_NAME = "$(TARGET_NAME)";
				SWIFT_EMIT_LOC_STRINGS = NO;
				SWIFT_VERSION = 5.0;
				TARGETED_DEVICE_FAMILY = "1,2";
				TEST_HOST = "$(BUILT_PRODUCTS_DIR)/Apple-FrameWorks.app/$(BUNDLE_EXECUTABLE_FOLDER_PATH)/Apple-FrameWorks";
			};
			name = Debug;
		};
		E706DD382BBEEBF100954F7B /* Release */ = {
			isa = XCBuildConfiguration;
			buildSettings = {
				ALWAYS_EMBED_SWIFT_STANDARD_LIBRARIES = YES;
				BUNDLE_LOADER = "$(TEST_HOST)";
				CODE_SIGN_STYLE = Automatic;
				CURRENT_PROJECT_VERSION = 1;
				DEVELOPMENT_TEAM = 5X5YVGM7KV;
				GENERATE_INFOPLIST_FILE = YES;
				IPHONEOS_DEPLOYMENT_TARGET = 17.0;
				MARKETING_VERSION = 1.0;
				PRODUCT_BUNDLE_IDENTIFIER = "-23.Apple-FrameWorksTests";
				PRODUCT_NAME = "$(TARGET_NAME)";
				SWIFT_EMIT_LOC_STRINGS = NO;
				SWIFT_VERSION = 5.0;
				TARGETED_DEVICE_FAMILY = "1,2";
				TEST_HOST = "$(BUILT_PRODUCTS_DIR)/Apple-FrameWorks.app/$(BUNDLE_EXECUTABLE_FOLDER_PATH)/Apple-FrameWorks";
			};
			name = Release;
		};
		E706DD3A2BBEEBF100954F7B /* Debug */ = {
			isa = XCBuildConfiguration;
			buildSettings = {
				ALWAYS_EMBED_SWIFT_STANDARD_LIBRARIES = YES;
				CODE_SIGN_STYLE = Automatic;
				CURRENT_PROJECT_VERSION = 1;
				DEVELOPMENT_TEAM = 5X5YVGM7KV;
				GENERATE_INFOPLIST_FILE = YES;
				MARKETING_VERSION = 1.0;
				PRODUCT_BUNDLE_IDENTIFIER = "-23.Apple-FrameWorksUITests";
				PRODUCT_NAME = "$(TARGET_NAME)";
				SWIFT_EMIT_LOC_STRINGS = NO;
				SWIFT_VERSION = 5.0;
				TARGETED_DEVICE_FAMILY = "1,2";
				TEST_TARGET_NAME = "Apple-FrameWorks";
			};
			name = Debug;
		};
		E706DD3B2BBEEBF100954F7B /* Release */ = {
			isa = XCBuildConfiguration;
			buildSettings = {
				ALWAYS_EMBED_SWIFT_STANDARD_LIBRARIES = YES;
				CODE_SIGN_STYLE = Automatic;
				CURRENT_PROJECT_VERSION = 1;
				DEVELOPMENT_TEAM = 5X5YVGM7KV;
				GENERATE_INFOPLIST_FILE = YES;
				MARKETING_VERSION = 1.0;
				PRODUCT_BUNDLE_IDENTIFIER = "-23.Apple-FrameWorksUITests";
				PRODUCT_NAME = "$(TARGET_NAME)";
				SWIFT_EMIT_LOC_STRINGS = NO;
				SWIFT_VERSION = 5.0;
				TARGETED_DEVICE_FAMILY = "1,2";
				TEST_TARGET_NAME = "Apple-FrameWorks";
			};
			name = Release;
		};
/* End XCBuildConfiguration section */

/* Begin XCConfigurationList section */
		E706DD0A2BBEEBED00954F7B /* Build configuration list for PBXProject "Apple-FrameWorks" */ = {
			isa = XCConfigurationList;
			buildConfigurations = (
				E706DD312BBEEBF100954F7B /* Debug */,
				E706DD322BBEEBF100954F7B /* Release */,
			);
			defaultConfigurationIsVisible = 0;
			defaultConfigurationName = Release;
		};
		E706DD332BBEEBF100954F7B /* Build configuration list for PBXNativeTarget "Apple-FrameWorks" */ = {
			isa = XCConfigurationList;
			buildConfigurations = (
				E706DD342BBEEBF100954F7B /* Debug */,
				E706DD352BBEEBF100954F7B /* Release */,
			);
			defaultConfigurationIsVisible = 0;
			defaultConfigurationName = Release;
		};
		E706DD362BBEEBF100954F7B /* Build configuration list for PBXNativeTarget "Apple-FrameWorksTests" */ = {
			isa = XCConfigurationList;
			buildConfigurations = (
				E706DD372BBEEBF100954F7B /* Debug */,
				E706DD382BBEEBF100954F7B /* Release */,
			);
			defaultConfigurationIsVisible = 0;
			defaultConfigurationName = Release;
		};
		E706DD392BBEEBF100954F7B /* Build configuration list for PBXNativeTarget "Apple-FrameWorksUITests" */ = {
			isa = XCConfigurationList;
			buildConfigurations = (
				E706DD3A2BBEEBF100954F7B /* Debug */,
				E706DD3B2BBEEBF100954F7B /* Release */,
			);
			defaultConfigurationIsVisible = 0;
			defaultConfigurationName = Release;
		};
/* End XCConfigurationList section */
	};
	rootObject = E706DD072BBEEBED00954F7B /* Project object */;
}
